
Microsoft Visual Studio Solution File, Format Version 12.00
# Visual Studio Version 17
VisualStudioVersion = 17.3.32811.315
MinimumVisualStudioVersion = 10.0.40219.1
Project("{FAE04EC0-301F-11D3-BF4B-00C04F79EFBC}") = "OpenVisionLab", "OpenVisionLab.csproj", "{8A4C00DB-1734-4DD1-BF8C-C6C4DFFA571F}"
EndProject
Project("{FAE04EC0-301F-11D3-BF4B-00C04F79EFBC}") = "RJControls", "Library\RJControls\RJControls.csproj", "{0D20A454-1A31-44F7-BFD4-B5784FB25224}"
EndProject
Project("{FAE04EC0-301F-11D3-BF4B-00C04F79EFBC}") = "OpenVisionLab.Controls.Init", "Library\OpenVisionLab.Controls.Init\OpenVisionLab.Controls.Init.csproj", "{68D70C4C-B7A7-4395-ABCF-E30E75EC0C04}"
EndProject
Project("{FAE04EC0-301F-11D3-BF4B-00C04F79EFBC}") = "PropertyGrid.Abstractions", "Library\PropertyGrid.Abstractions\PropertyGrid.Abstractions.csproj", "{E3B27A4A-4F7A-4AF3-9A98-135C961265F4}"
EndProject
Project("{FAE04EC0-301F-11D3-BF4B-00C04F79EFBC}") = "WpfPropertyGridBridge", "Library\WpfPropertyGridBridge\WpfPropertyGridBridge.csproj", "{B3BD5081-CA32-40E6-B016-19D94FF28797}"
EndProject
Project("{2150E333-8FDC-42A3-9474-1A3956D46DE8}") = "Library", "Library", "{50A17DA1-3556-4046-CEDC-33EB466D9C32}"
EndProject
Project("{2150E333-8FDC-42A3-9474-1A3956D46DE8}") = "External", "External", "{A3AF6EB8-1B62-4D62-A197-2F6B6B01E7B0}"
EndProject
Project("{2150E333-8FDC-42A3-9474-1A3956D46DE8}") = "WPG-CUSTOM", "WPG-CUSTOM", "{EC7527DF-A6EE-463A-9382-85C22E60B8E3}"
EndProject
Project("{FAE04EC0-301F-11D3-BF4B-00C04F79EFBC}") = "WpfPropertyGrid.Custom", "..\WPG-CUSTOM\Main\WpfPropertyGrid\WpfPropertyGrid.csproj", "{5A48B67F-1E7E-4ED6-A201-F6CC8E7E6788}"
EndProject
Project("{FAE04EC0-301F-11D3-BF4B-00C04F79EFBC}") = "WpfPropertyGrid.Custom.Themes", "..\WPG-CUSTOM\Main\WpfPropertyGrid.Themes\WpfPropertyGrid.Themes.csproj", "{DD5C7E14-01CC-44FC-81BC-5C6CF6BB2AD9}"
EndProject
Project("{2150E333-8FDC-42A3-9474-1A3956D46DE8}") = "Library-Noah", "Library-Noah", "{B0C7F121-1D38-4A15-B719-AD84D89D2B25}"
EndProject
Project("{9A19103F-16F7-4668-BE54-9A1E7A4F7556}") = "Lib.Common", "..\Library-Noah\Lib.Common\Lib.Common.csproj", "{44228878-CED8-42E0-8E1F-B73B2FC6DE67}"
EndProject
Project("{FAE04EC0-301F-11D3-BF4B-00C04F79EFBC}") = "Lib.OpenCV", "..\Library-Noah\Lib.OpenCV\Lib.OpenCV.csproj", "{CC621394-A6B4-4F5D-891B-B85843D3A6EF}"
EndProject
Project("{FAE04EC0-301F-11D3-BF4B-00C04F79EFBC}") = "Lib.OpenCV.Blob", "..\Library-Noah\Lib.OpenCV.Blob\Lib.OpenCV.Blob.csproj", "{44C58A9D-BA41-4370-A358-A6C6E902379D}"
EndProject
Project("{FAE04EC0-301F-11D3-BF4B-00C04F79EFBC}") = "OpenVisionLab.Display.Core", "Library\OpenVisionLab.Display.Core\OpenVisionLab.Display.Core.csproj", "{5258B030-A7F4-4B96-B5EE-FC70434CB404}"
EndProject
Project("{FAE04EC0-301F-11D3-BF4B-00C04F79EFBC}") = "OpenVisionLab.ImageSpace.Core", "Library\OpenVisionLab.ImageSpace.Core\OpenVisionLab.ImageSpace.Core.csproj", "{D8F5F4E6-15A9-4B86-81B9-2EAF12C20491}"
EndProject
Project("{FAE04EC0-301F-11D3-BF4B-00C04F79EFBC}") = "OpenVisionLab.ImageCanvas", "Library\OpenVisionLab.ImageCanvas\OpenVisionLab.ImageCanvas.csproj", "{7C4F1BE2-3D8A-46F1-9A4F-847D0D4A75D6}"
EndProject
Project("{FAE04EC0-301F-11D3-BF4B-00C04F79EFBC}") = "OpenVisionLab.Logging", "Library\OpenVisionLab.Logging\OpenVisionLab.Logging.csproj", "{ECA155DA-6FE3-4C95-80E1-1430FC62A586}"
EndProject
Project("{FAE04EC0-301F-11D3-BF4B-00C04F79EFBC}") = "OpenVisionLab.Logging.Controls", "Library\OpenVisionLab.Logging.Controls\OpenVisionLab.Logging.Controls.csproj", "{34993D8F-E584-429B-930F-1E557EAB3102}"
EndProject
Project("{FAE04EC0-301F-11D3-BF4B-00C04F79EFBC}") = "OpenVisionLab.Pipeline.Controls", "Library\OpenVisionLab.Pipeline.Controls\OpenVisionLab.Pipeline.Controls.csproj", "{9D1F53C6-6ED7-41F8-A131-D0F281C8883F}"
EndProject
Project("{FAE04EC0-301F-11D3-BF4B-00C04F79EFBC}") = "OpenVisionLab.MessageBox", "Library\OpenVisionLab.MessageBox\OpenVisionLab.MessageBox.csproj", "{5BBCFD3D-E931-4856-BDBF-455B8684B97A}"
EndProject
Global
	GlobalSection(SolutionConfigurationPlatforms) = preSolution
		Debug|Any CPU = Debug|Any CPU
		Debug|x64 = Debug|x64
		Debug|x86 = Debug|x86
		Release|Any CPU = Release|Any CPU
		Release|x64 = Release|x64
		Release|x86 = Release|x86
	EndGlobalSection
	GlobalSection(ProjectConfigurationPlatforms) = postSolution
		{8A4C00DB-1734-4DD1-BF8C-C6C4DFFA571F}.Debug|Any CPU.ActiveCfg = Debug|Any CPU
		{8A4C00DB-1734-4DD1-BF8C-C6C4DFFA571F}.Debug|Any CPU.Build.0 = Debug|Any CPU
		{8A4C00DB-1734-4DD1-BF8C-C6C4DFFA571F}.Debug|x64.ActiveCfg = Debug|x64
		{8A4C00DB-1734-4DD1-BF8C-C6C4DFFA571F}.Debug|x64.Build.0 = Debug|x64
		{8A4C00DB-1734-4DD1-BF8C-C6C4DFFA571F}.Debug|x86.ActiveCfg = Debug|x86
		{8A4C00DB-1734-4DD1-BF8C-C6C4DFFA571F}.Debug|x86.Build.0 = Debug|x86
		{8A4C00DB-1734-4DD1-BF8C-C6C4DFFA571F}.Release|Any CPU.ActiveCfg = Release|Any CPU
		{8A4C00DB-1734-4DD1-BF8C-C6C4DFFA571F}.Release|Any CPU.Build.0 = Release|Any CPU
		{8A4C00DB-1734-4DD1-BF8C-C6C4DFFA571F}.Release|x64.ActiveCfg = Release|x64
		{8A4C00DB-1734-4DD1-BF8C-C6C4DFFA571F}.Release|x64.Build.0 = Release|x64
		{8A4C00DB-1734-4DD1-BF8C-C6C4DFFA571F}.Release|x86.ActiveCfg = Release|x86
		{8A4C00DB-1734-4DD1-BF8C-C6C4DFFA571F}.Release|x86.Build.0 = Release|x86
		{0D20A454-1A31-44F7-BFD4-B5784FB25224}.Debug|Any CPU.ActiveCfg = Debug|Any CPU
		{0D20A454-1A31-44F7-BFD4-B5784FB25224}.Debug|Any CPU.Build.0 = Debug|Any CPU
		{0D20A454-1A31-44F7-BFD4-B5784FB25224}.Debug|x64.ActiveCfg = Debug|x64
		{0D20A454-1A31-44F7-BFD4-B5784FB25224}.Debug|x64.Build.0 = Debug|x64
		{0D20A454-1A31-44F7-BFD4-B5784FB25224}.Debug|x86.ActiveCfg = Debug|x86
		{0D20A454-1A31-44F7-BFD4-B5784FB25224}.Debug|x86.Build.0 = Debug|x86
		{0D20A454-1A31-44F7-BFD4-B5784FB25224}.Release|Any CPU.ActiveCfg = Release|Any CPU
		{0D20A454-1A31-44F7-BFD4-B5784FB25224}.Release|Any CPU.Build.0 = Release|Any CPU
		{0D20A454-1A31-44F7-BFD4-B5784FB25224}.Release|x64.ActiveCfg = Release|x64
		{0D20A454-1A31-44F7-BFD4-B5784FB25224}.Release|x64.Build.0 = Release|x64
		{0D20A454-1A31-44F7-BFD4-B5784FB25224}.Release|x86.ActiveCfg = Release|x86
		{0D20A454-1A31-44F7-BFD4-B5784FB25224}.Release|x86.Build.0 = Release|x86
		{68D70C4C-B7A7-4395-ABCF-E30E75EC0C04}.Debug|Any CPU.ActiveCfg = Debug|Any CPU
		{68D70C4C-B7A7-4395-ABCF-E30E75EC0C04}.Debug|Any CPU.Build.0 = Debug|Any CPU
		{68D70C4C-B7A7-4395-ABCF-E30E75EC0C04}.Debug|x64.ActiveCfg = Debug|x64
		{68D70C4C-B7A7-4395-ABCF-E30E75EC0C04}.Debug|x64.Build.0 = Debug|x64
		{68D70C4C-B7A7-4395-ABCF-E30E75EC0C04}.Debug|x86.ActiveCfg = Debug|x86
		{68D70C4C-B7A7-4395-ABCF-E30E75EC0C04}.Debug|x86.Build.0 = Debug|x86
		{68D70C4C-B7A7-4395-ABCF-E30E75EC0C04}.Release|Any CPU.ActiveCfg = Release|Any CPU
		{68D70C4C-B7A7-4395-ABCF-E30E75EC0C04}.Release|Any CPU.Build.0 = Release|Any CPU
		{68D70C4C-B7A7-4395-ABCF-E30E75EC0C04}.Release|x64.ActiveCfg = Release|x64
		{68D70C4C-B7A7-4395-ABCF-E30E75EC0C04}.Release|x64.Build.0 = Release|x64
		{68D70C4C-B7A7-4395-ABCF-E30E75EC0C04}.Release|x86.ActiveCfg = Release|x86
		{68D70C4C-B7A7-4395-ABCF-E30E75EC0C04}.Release|x86.Build.0 = Release|x86
		{E3B27A4A-4F7A-4AF3-9A98-135C961265F4}.Debug|Any CPU.ActiveCfg = Debug|Any CPU
		{E3B27A4A-4F7A-4AF3-9A98-135C961265F4}.Debug|Any CPU.Build.0 = Debug|Any CPU
		{E3B27A4A-4F7A-4AF3-9A98-135C961265F4}.Debug|x64.ActiveCfg = Debug|x64
		{E3B27A4A-4F7A-4AF3-9A98-135C961265F4}.Debug|x64.Build.0 = Debug|x64
		{E3B27A4A-4F7A-4AF3-9A98-135C961265F4}.Debug|x86.ActiveCfg = Debug|x86
		{E3B27A4A-4F7A-4AF3-9A98-135C961265F4}.Debug|x86.Build.0 = Debug|x86
		{E3B27A4A-4F7A-4AF3-9A98-135C961265F4}.Release|Any CPU.ActiveCfg = Release|Any CPU
		{E3B27A4A-4F7A-4AF3-9A98-135C961265F4}.Release|Any CPU.Build.0 = Release|Any CPU
		{E3B27A4A-4F7A-4AF3-9A98-135C961265F4}.Release|x64.ActiveCfg = Release|x64
		{E3B27A4A-4F7A-4AF3-9A98-135C961265F4}.Release|x64.Build.0 = Release|x64
		{E3B27A4A-4F7A-4AF3-9A98-135C961265F4}.Release|x86.ActiveCfg = Release|x86
		{E3B27A4A-4F7A-4AF3-9A98-135C961265F4}.Release|x86.Build.0 = Release|x86
		{B3BD5081-CA32-40E6-B016-19D94FF28797}.Debug|Any CPU.ActiveCfg = Debug|Any CPU
		{B3BD5081-CA32-40E6-B016-19D94FF28797}.Debug|Any CPU.Build.0 = Debug|Any CPU
		{B3BD5081-CA32-40E6-B016-19D94FF28797}.Debug|x64.ActiveCfg = Debug|x64
		{B3BD5081-CA32-40E6-B016-19D94FF28797}.Debug|x64.Build.0 = Debug|x64
		{B3BD5081-CA32-40E6-B016-19D94FF28797}.Debug|x86.ActiveCfg = Debug|x86
		{B3BD5081-CA32-40E6-B016-19D94FF28797}.Debug|x86.Build.0 = Debug|x86
		{B3BD5081-CA32-40E6-B016-19D94FF28797}.Release|Any CPU.ActiveCfg = Release|Any CPU
		{B3BD5081-CA32-40E6-B016-19D94FF28797}.Release|Any CPU.Build.0 = Release|Any CPU
		{B3BD5081-CA32-40E6-B016-19D94FF28797}.Release|x64.ActiveCfg = Release|x64
		{B3BD5081-CA32-40E6-B016-19D94FF28797}.Release|x64.Build.0 = Release|x64
		{B3BD5081-CA32-40E6-B016-19D94FF28797}.Release|x86.ActiveCfg = Release|x86
		{B3BD5081-CA32-40E6-B016-19D94FF28797}.Release|x86.Build.0 = Release|x86
		{5258B030-A7F4-4B96-B5EE-FC70434CB404}.Debug|Any CPU.ActiveCfg = Debug|Any CPU
		{5258B030-A7F4-4B96-B5EE-FC70434CB404}.Debug|Any CPU.Build.0 = Debug|Any CPU
		{5258B030-A7F4-4B96-B5EE-FC70434CB404}.Debug|x64.ActiveCfg = Debug|Any CPU
		{5258B030-A7F4-4B96-B5EE-FC70434CB404}.Debug|x64.Build.0 = Debug|Any CPU
		{5258B030-A7F4-4B96-B5EE-FC70434CB404}.Debug|x86.ActiveCfg = Debug|Any CPU
		{5258B030-A7F4-4B96-B5EE-FC70434CB404}.Debug|x86.Build.0 = Debug|Any CPU
		{5258B030-A7F4-4B96-B5EE-FC70434CB404}.Release|Any CPU.ActiveCfg = Release|Any CPU
		{5258B030-A7F4-4B96-B5EE-FC70434CB404}.Release|Any CPU.Build.0 = Release|Any CPU
		{5258B030-A7F4-4B96-B5EE-FC70434CB404}.Release|x64.ActiveCfg = Release|Any CPU
		{5258B030-A7F4-4B96-B5EE-FC70434CB404}.Release|x64.Build.0 = Release|Any CPU
		{5258B030-A7F4-4B96-B5EE-FC70434CB404}.Release|x86.ActiveCfg = Release|Any CPU
		{5258B030-A7F4-4B96-B5EE-FC70434CB404}.Release|x86.Build.0 = Release|Any CPU
		{D8F5F4E6-15A9-4B86-81B9-2EAF12C20491}.Debug|Any CPU.ActiveCfg = Debug|Any CPU
		{D8F5F4E6-15A9-4B86-81B9-2EAF12C20491}.Debug|Any CPU.Build.0 = Debug|Any CPU
		{D8F5F4E6-15A9-4B86-81B9-2EAF12C20491}.Debug|x64.ActiveCfg = Debug|Any CPU
		{D8F5F4E6-15A9-4B86-81B9-2EAF12C20491}.Debug|x64.Build.0 = Debug|Any CPU
		{D8F5F4E6-15A9-4B86-81B9-2EAF12C20491}.Debug|x86.ActiveCfg = Debug|Any CPU
		{D8F5F4E6-15A9-4B86-81B9-2EAF12C20491}.Debug|x86.Build.0 = Debug|Any CPU
		{D8F5F4E6-15A9-4B86-81B9-2EAF12C20491}.Release|Any CPU.ActiveCfg = Release|Any CPU
		{D8F5F4E6-15A9-4B86-81B9-2EAF12C20491}.Release|Any CPU.Build.0 = Release|Any CPU
		{D8F5F4E6-15A9-4B86-81B9-2EAF12C20491}.Release|x64.ActiveCfg = Release|Any CPU
		{D8F5F4E6-15A9-4B86-81B9-2EAF12C20491}.Release|x64.Build.0 = Release|Any CPU
		{D8F5F4E6-15A9-4B86-81B9-2EAF12C20491}.Release|x86.ActiveCfg = Release|Any CPU
		{D8F5F4E6-15A9-4B86-81B9-2EAF12C20491}.Release|x86.Build.0 = Release|Any CPU
		{7C4F1BE2-3D8A-46F1-9A4F-847D0D4A75D6}.Debug|Any CPU.ActiveCfg = Debug|Any CPU
		{7C4F1BE2-3D8A-46F1-9A4F-847D0D4A75D6}.Debug|Any CPU.Build.0 = Debug|Any CPU
		{7C4F1BE2-3D8A-46F1-9A4F-847D0D4A75D6}.Debug|x64.ActiveCfg = Debug|Any CPU
		{7C4F1BE2-3D8A-46F1-9A4F-847D0D4A75D6}.Debug|x64.Build.0 = Debug|Any CPU
		{7C4F1BE2-3D8A-46F1-9A4F-847D0D4A75D6}.Debug|x86.ActiveCfg = Debug|Any CPU
		{7C4F1BE2-3D8A-46F1-9A4F-847D0D4A75D6}.Debug|x86.Build.0 = Debug|Any CPU
		{7C4F1BE2-3D8A-46F1-9A4F-847D0D4A75D6}.Release|Any CPU.ActiveCfg = Release|Any CPU
		{7C4F1BE2-3D8A-46F1-9A4F-847D0D4A75D6}.Release|Any CPU.Build.0 = Release|Any CPU
		{7C4F1BE2-3D8A-46F1-9A4F-847D0D4A75D6}.Release|x64.ActiveCfg = Release|Any CPU
		{7C4F1BE2-3D8A-46F1-9A4F-847D0D4A75D6}.Release|x64.Build.0 = Release|Any CPU
		{7C4F1BE2-3D8A-46F1-9A4F-847D0D4A75D6}.Release|x86.ActiveCfg = Release|Any CPU
		{7C4F1BE2-3D8A-46F1-9A4F-847D0D4A75D6}.Release|x86.Build.0 = Release|Any CPU
		{ECA155DA-6FE3-4C95-80E1-1430FC62A586}.Debug|Any CPU.ActiveCfg = Debug|Any CPU
		{ECA155DA-6FE3-4C95-80E1-1430FC62A586}.Debug|Any CPU.Build.0 = Debug|Any CPU
		{ECA155DA-6FE3-4C95-80E1-1430FC62A586}.Debug|x64.ActiveCfg = Debug|x64
		{ECA155DA-6FE3-4C95-80E1-1430FC62A586}.Debug|x64.Build.0 = Debug|x64
		{ECA155DA-6FE3-4C95-80E1-1430FC62A586}.Debug|x86.ActiveCfg = Debug|Any CPU
		{ECA155DA-6FE3-4C95-80E1-1430FC62A586}.Debug|x86.Build.0 = Debug|Any CPU
		{ECA155DA-6FE3-4C95-80E1-1430FC62A586}.Release|Any CPU.ActiveCfg = Release|Any CPU
		{ECA155DA-6FE3-4C95-80E1-1430FC62A586}.Release|Any CPU.Build.0 = Release|Any CPU
		{ECA155DA-6FE3-4C95-80E1-1430FC62A586}.Release|x64.ActiveCfg = Release|x64
		{ECA155DA-6FE3-4C95-80E1-1430FC62A586}.Release|x64.Build.0 = Release|x64
		{ECA155DA-6FE3-4C95-80E1-1430FC62A586}.Release|x86.ActiveCfg = Release|Any CPU
		{ECA155DA-6FE3-4C95-80E1-1430FC62A586}.Release|x86.Build.0 = Release|Any CPU
		{34993D8F-E584-429B-930F-1E557EAB3102}.Debug|Any CPU.ActiveCfg = Debug|Any CPU
		{34993D8F-E584-429B-930F-1E557EAB3102}.Debug|Any CPU.Build.0 = Debug|Any CPU
		{34993D8F-E584-429B-930F-1E557EAB3102}.Debug|x64.ActiveCfg = Debug|x64
		{34993D8F-E584-429B-930F-1E557EAB3102}.Debug|x64.Build.0 = Debug|x64
		{34993D8F-E584-429B-930F-1E557EAB3102}.Debug|x86.ActiveCfg = Debug|Any CPU
		{34993D8F-E584-429B-930F-1E557EAB3102}.Debug|x86.Build.0 = Debug|Any CPU
		{34993D8F-E584-429B-930F-1E557EAB3102}.Release|Any CPU.ActiveCfg = Release|Any CPU
		{34993D8F-E584-429B-930F-1E557EAB3102}.Release|Any CPU.Build.0 = Release|Any CPU
		{34993D8F-E584-429B-930F-1E557EAB3102}.Release|x64.ActiveCfg = Release|x64
		{34993D8F-E584-429B-930F-1E557EAB3102}.Release|x64.Build.0 = Release|x64
		{34993D8F-E584-429B-930F-1E557EAB3102}.Release|x86.ActiveCfg = Release|Any CPU
		{34993D8F-E584-429B-930F-1E557EAB3102}.Release|x86.Build.0 = Release|Any CPU
		{9D1F53C6-6ED7-41F8-A131-D0F281C8883F}.Debug|Any CPU.ActiveCfg = Debug|Any CPU
		{9D1F53C6-6ED7-41F8-A131-D0F281C8883F}.Debug|Any CPU.Build.0 = Debug|Any CPU
		{9D1F53C6-6ED7-41F8-A131-D0F281C8883F}.Debug|x64.ActiveCfg = Debug|x64
		{9D1F53C6-6ED7-41F8-A131-D0F281C8883F}.Debug|x64.Build.0 = Debug|x64
		{9D1F53C6-6ED7-41F8-A131-D0F281C8883F}.Debug|x86.ActiveCfg = Debug|Any CPU
		{9D1F53C6-6ED7-41F8-A131-D0F281C8883F}.Debug|x86.Build.0 = Debug|Any CPU
		{9D1F53C6-6ED7-41F8-A131-D0F281C8883F}.Release|Any CPU.ActiveCfg = Release|Any CPU
		{9D1F53C6-6ED7-41F8-A131-D0F281C8883F}.Release|Any CPU.Build.0 = Release|Any CPU
		{9D1F53C6-6ED7-41F8-A131-D0F281C8883F}.Release|x64.ActiveCfg = Release|x64
		{9D1F53C6-6ED7-41F8-A131-D0F281C8883F}.Release|x64.Build.0 = Release|x64
		{9D1F53C6-6ED7-41F8-A131-D0F281C8883F}.Release|x86.ActiveCfg = Release|Any CPU
		{9D1F53C6-6ED7-41F8-A131-D0F281C8883F}.Release|x86.Build.0 = Release|Any CPU
		{5BBCFD3D-E931-4856-BDBF-455B8684B97A}.Debug|Any CPU.ActiveCfg = Debug|Any CPU
		{5BBCFD3D-E931-4856-BDBF-455B8684B97A}.Debug|Any CPU.Build.0 = Debug|Any CPU
		{5BBCFD3D-E931-4856-BDBF-455B8684B97A}.Debug|x64.ActiveCfg = Debug|x64
		{5BBCFD3D-E931-4856-BDBF-455B8684B97A}.Debug|x64.Build.0 = Debug|x64
		{5BBCFD3D-E931-4856-BDBF-455B8684B97A}.Debug|x86.ActiveCfg = Debug|Any CPU
		{5BBCFD3D-E931-4856-BDBF-455B8684B97A}.Debug|x86.Build.0 = Debug|Any CPU
		{5BBCFD3D-E931-4856-BDBF-455B8684B97A}.Release|Any CPU.ActiveCfg = Release|Any CPU
		{5BBCFD3D-E931-4856-BDBF-455B8684B97A}.Release|Any CPU.Build.0 = Release|Any CPU
		{5BBCFD3D-E931-4856-BDBF-455B8684B97A}.Release|x64.ActiveCfg = Release|x64
		{5BBCFD3D-E931-4856-BDBF-455B8684B97A}.Release|x64.Build.0 = Release|x64
		{5BBCFD3D-E931-4856-BDBF-455B8684B97A}.Release|x86.ActiveCfg = Release|Any CPU
		{5BBCFD3D-E931-4856-BDBF-455B8684B97A}.Release|x86.Build.0 = Release|Any CPU
		{5A48B67F-1E7E-4ED6-A201-F6CC8E7E6788}.Debug|Any CPU.ActiveCfg = Debug|Any CPU
		{5A48B67F-1E7E-4ED6-A201-F6CC8E7E6788}.Debug|x64.ActiveCfg = Debug|Any CPU
		{5A48B67F-1E7E-4ED6-A201-F6CC8E7E6788}.Debug|x86.ActiveCfg = Debug|Any CPU
		{5A48B67F-1E7E-4ED6-A201-F6CC8E7E6788}.Release|Any CPU.ActiveCfg = Release|Any CPU
		{5A48B67F-1E7E-4ED6-A201-F6CC8E7E6788}.Release|x64.ActiveCfg = Release|Any CPU
		{5A48B67F-1E7E-4ED6-A201-F6CC8E7E6788}.Release|x86.ActiveCfg = Release|Any CPU
		{DD5C7E14-01CC-44FC-81BC-5C6CF6BB2AD9}.Debug|Any CPU.ActiveCfg = Debug|Any CPU
		{DD5C7E14-01CC-44FC-81BC-5C6CF6BB2AD9}.Debug|x64.ActiveCfg = Debug|Any CPU
		{DD5C7E14-01CC-44FC-81BC-5C6CF6BB2AD9}.Debug|x86.ActiveCfg = Debug|Any CPU
		{DD5C7E14-01CC-44FC-81BC-5C6CF6BB2AD9}.Release|Any CPU.ActiveCfg = Release|Any CPU
		{DD5C7E14-01CC-44FC-81BC-5C6CF6BB2AD9}.Release|x64.ActiveCfg = Release|Any CPU
		{DD5C7E14-01CC-44FC-81BC-5C6CF6BB2AD9}.Release|x86.ActiveCfg = Release|Any CPU
		{44228878-CED8-42E0-8E1F-B73B2FC6DE67}.Debug|Any CPU.ActiveCfg = Debug|Any CPU
		{44228878-CED8-42E0-8E1F-B73B2FC6DE67}.Debug|Any CPU.Build.0 = Debug|Any CPU
		{44228878-CED8-42E0-8E1F-B73B2FC6DE67}.Debug|x64.ActiveCfg = Debug|x64
		{44228878-CED8-42E0-8E1F-B73B2FC6DE67}.Debug|x64.Build.0 = Debug|x64
		{44228878-CED8-42E0-8E1F-B73B2FC6DE67}.Debug|x86.ActiveCfg = Debug|Any CPU
		{44228878-CED8-42E0-8E1F-B73B2FC6DE67}.Debug|x86.Build.0 = Debug|Any CPU
		{44228878-CED8-42E0-8E1F-B73B2FC6DE67}.Release|Any CPU.ActiveCfg = Release|Any CPU
		{44228878-CED8-42E0-8E1F-B73B2FC6DE67}.Release|Any CPU.Build.0 = Release|Any CPU
		{44228878-CED8-42E0-8E1F-B73B2FC6DE67}.Release|x64.ActiveCfg = Release|x64
		{44228878-CED8-42E0-8E1F-B73B2FC6DE67}.Release|x64.Build.0 = Release|x64
		{44228878-CED8-42E0-8E1F-B73B2FC6DE67}.Release|x86.ActiveCfg = Release|Any CPU
		{44228878-CED8-42E0-8E1F-B73B2FC6DE67}.Release|x86.Build.0 = Release|Any CPU
		{CC621394-A6B4-4F5D-891B-B85843D3A6EF}.Debug|Any CPU.ActiveCfg = Debug|Any CPU
		{CC621394-A6B4-4F5D-891B-B85843D3A6EF}.Debug|Any CPU.Build.0 = Debug|Any CPU
		{CC621394-A6B4-4F5D-891B-B85843D3A6EF}.Debug|x64.ActiveCfg = Debug|Any CPU
		{CC621394-A6B4-4F5D-891B-B85843D3A6EF}.Debug|x64.Build.0 = Debug|Any CPU
		{CC621394-A6B4-4F5D-891B-B85843D3A6EF}.Debug|x86.ActiveCfg = Debug|Any CPU
		{CC621394-A6B4-4F5D-891B-B85843D3A6EF}.Debug|x86.Build.0 = Debug|Any CPU
		{CC621394-A6B4-4F5D-891B-B85843D3A6EF}.Release|Any CPU.ActiveCfg = Release|Any CPU
		{CC621394-A6B4-4F5D-891B-B85843D3A6EF}.Release|Any CPU.Build.0 = Release|Any CPU
		{CC621394-A6B4-4F5D-891B-B85843D3A6EF}.Release|x64.ActiveCfg = Release|Any CPU
		{CC621394-A6B4-4F5D-891B-B85843D3A6EF}.Release|x64.Build.0 = Release|Any CPU
		{CC621394-A6B4-4F5D-891B-B85843D3A6EF}.Release|x86.ActiveCfg = Release|Any CPU
		{CC621394-A6B4-4F5D-891B-B85843D3A6EF}.Release|x86.Build.0 = Release|Any CPU
		{44C58A9D-BA41-4370-A358-A6C6E902379D}.Debug|Any CPU.ActiveCfg = Debug|Any CPU
		{44C58A9D-BA41-4370-A358-A6C6E902379D}.Debug|Any CPU.Build.0 = Debug|Any CPU
		{44C58A9D-BA41-4370-A358-A6C6E902379D}.Debug|x64.ActiveCfg = Debug|Any CPU
		{44C58A9D-BA41-4370-A358-A6C6E902379D}.Debug|x64.Build.0 = Debug|Any CPU
		{44C58A9D-BA41-4370-A358-A6C6E902379D}.Debug|x86.ActiveCfg = Debug|Any CPU
		{44C58A9D-BA41-4370-A358-A6C6E902379D}.Debug|x86.Build.0 = Debug|Any CPU
		{44C58A9D-BA41-4370-A358-A6C6E902379D}.Release|Any CPU.ActiveCfg = Release|Any CPU
		{44C58A9D-BA41-4370-A358-A6C6E902379D}.Release|Any CPU.Build.0 = Release|Any CPU
		{44C58A9D-BA41-4370-A358-A6C6E902379D}.Release|x64.ActiveCfg = Release|Any CPU
		{44C58A9D-BA41-4370-A358-A6C6E902379D}.Release|x64.Build.0 = Release|Any CPU
		{44C58A9D-BA41-4370-A358-A6C6E902379D}.Release|x86.ActiveCfg = Release|Any CPU
		{44C58A9D-BA41-4370-A358-A6C6E902379D}.Release|x86.Build.0 = Release|Any CPU
	EndGlobalSection
	GlobalSection(SolutionProperties) = preSolution
		HideSolutionNode = FALSE
	EndGlobalSection
	GlobalSection(NestedProjects) = preSolution
		{5258B030-A7F4-4B96-B5EE-FC70434CB404} = {50A17DA1-3556-4046-CEDC-33EB466D9C32}
		{D8F5F4E6-15A9-4B86-81B9-2EAF12C20491} = {50A17DA1-3556-4046-CEDC-33EB466D9C32}
		{7C4F1BE2-3D8A-46F1-9A4F-847D0D4A75D6} = {50A17DA1-3556-4046-CEDC-33EB466D9C32}
		{ECA155DA-6FE3-4C95-80E1-1430FC62A586} = {50A17DA1-3556-4046-CEDC-33EB466D9C32}
		{34993D8F-E584-429B-930F-1E557EAB3102} = {50A17DA1-3556-4046-CEDC-33EB466D9C32}
		{9D1F53C6-6ED7-41F8-A131-D0F281C8883F} = {50A17DA1-3556-4046-CEDC-33EB466D9C32}
		{5BBCFD3D-E931-4856-BDBF-455B8684B97A} = {50A17DA1-3556-4046-CEDC-33EB466D9C32}
		{EC7527DF-A6EE-463A-9382-85C22E60B8E3} = {A3AF6EB8-1B62-4D62-A197-2F6B6B01E7B0}
		{5A48B67F-1E7E-4ED6-A201-F6CC8E7E6788} = {EC7527DF-A6EE-463A-9382-85C22E60B8E3}
		{DD5C7E14-01CC-44FC-81BC-5C6CF6BB2AD9} = {EC7527DF-A6EE-463A-9382-85C22E60B8E3}
		{B0C7F121-1D38-4A15-B719-AD84D89D2B25} = {A3AF6EB8-1B62-4D62-A197-2F6B6B01E7B0}
		{44228878-CED8-42E0-8E1F-B73B2FC6DE67} = {B0C7F121-1D38-4A15-B719-AD84D89D2B25}
		{CC621394-A6B4-4F5D-891B-B85843D3A6EF} = {B0C7F121-1D38-4A15-B719-AD84D89D2B25}
		{44C58A9D-BA41-4370-A358-A6C6E902379D} = {B0C7F121-1D38-4A15-B719-AD84D89D2B25}
	EndGlobalSection
	GlobalSection(ExtensibilityGlobals) = postSolution
		SolutionGuid = {B6BCC3D2-D39A-48EE-950C-07D87629A137}
	EndGlobalSection
EndGlobal
